# This file is autogenerated, do not edit; changes may be undone by the next 'dep ensure'.


[[projects]]
  name = "github.com/google/gopacket"
  packages = [
    ".",
    "layers",
    "pcap"
  ]
  revision = "11c65f1ca9081dfea43b4f9643f5c155583b73ba"
  version = "v1.1.14"

[solve-meta]
  analyzer-name = "dep"
  analyzer-version = 1
  inputs-digest = "ada33c27160930235868fd4a96fcc9da0cb64099d23b643f078dbb850698febf"
  solver-name = "gps-cdcl"
  solver-version = 1
