# This file is autogenerated, do not edit; changes may be undone by the next 'dep ensure'.


[[projects]]
  name = "github.com/google/gopacket"
  packages = [
    ".",
    "layers",
    "pcap"
  ]
  revision = "11c65f1ca9081dfea43b4f9643f5c155583b73ba"
  version = "v1.1.14"

[solve-meta]
  analyzer-name = "dep"
  analyzer-version = 1
  inputs-digest = "d3c226dfd50203f7a7c3586c7976682c13c780c5cba85f70d0a629234af7765d"
  solver-name = "gps-cdcl"
  solver-version = 1
